// !$*UTF8*$!
{
	archiveVersion = 1;
	classes = {
	};
	objectVersion = 46;
	objects = {

/* Begin PBXBuildFile section */
		49344809151E3A2F00D214B1 /* SearchOptionViewController.m in Sources */ = {isa = PBXBuildFile; fileRef = 49344805151E3A2F00D214B1 /* SearchOptionViewController.m */; };
		4934480A151E3A2F00D214B1 /* SearchViewController.m in Sources */ = {isa = PBXBuildFile; fileRef = 49344807151E3A2F00D214B1 /* SearchViewController.m */; };
		4934480B151E3A2F00D214B1 /* SearchViewController.xib in Resources */ = {isa = PBXBuildFile; fileRef = 49344808151E3A2F00D214B1 /* SearchViewController.xib */; };
		4934481B151E3A4600D214B1 /* ComposeViewController.m in Sources */ = {isa = PBXBuildFile; fileRef = 4934480D151E3A4600D214B1 /* ComposeViewController.m */; };
		4934481C151E3A4600D214B1 /* ComposeViewController.xib in Resources */ = {isa = PBXBuildFile; fileRef = 4934480E151E3A4600D214B1 /* ComposeViewController.xib */; };
		4934481D151E3A4600D214B1 /* DetailViewController.m in Sources */ = {isa = PBXBuildFile; fileRef = 49344810151E3A4600D214B1 /* DetailViewController.m */; };
		4934481E151E3A4600D214B1 /* DetailViewController.xib in Resources */ = {isa = PBXBuildFile; fileRef = 49344811151E3A4600D214B1 /* DetailViewController.xib */; };
		49344820151E3A4600D214B1 /* InboxViewController.m in Sources */ = {isa = PBXBuildFile; fileRef = 49344815151E3A4600D214B1 /* InboxViewController.m */; };
		49344821151E3A4600D214B1 /* MailBoxViewController.m in Sources */ = {isa = PBXBuildFile; fileRef = 49344817151E3A4600D214B1 /* MailBoxViewController.m */; };
		49344822151E3A4600D214B1 /* SentViewContoller.m in Sources */ = {isa = PBXBuildFile; fileRef = 49344819151E3A4600D214B1 /* SentViewContoller.m */; };
		49344823151E3A4600D214B1 /* SentViewContoller.xib in Resources */ = {isa = PBXBuildFile; fileRef = 4934481A151E3A4600D214B1 /* SentViewContoller.xib */; };
		494405271513D0FB0005BB97 /* UIKit.framework in Frameworks */ = {isa = PBXBuildFile; fileRef = 494405261513D0FB0005BB97 /* UIKit.framework */; };
		494405291513D0FB0005BB97 /* Foundation.framework in Frameworks */ = {isa = PBXBuildFile; fileRef = 494405281513D0FB0005BB97 /* Foundation.framework */; };
		4944052B1513D0FB0005BB97 /* CoreGraphics.framework in Frameworks */ = {isa = PBXBuildFile; fileRef = 4944052A1513D0FB0005BB97 /* CoreGraphics.framework */; };
		494405311513D0FB0005BB97 /* InfoPlist.strings in Resources */ = {isa = PBXBuildFile; fileRef = 4944052F1513D0FB0005BB97 /* InfoPlist.strings */; };
		494405331513D0FB0005BB97 /* main.m in Sources */ = {isa = PBXBuildFile; fileRef = 494405321513D0FB0005BB97 /* main.m */; };
		494405371513D0FB0005BB97 /* AppDelegate.m in Sources */ = {isa = PBXBuildFile; fileRef = 494405361513D0FB0005BB97 /* AppDelegate.m */; };
		4944053D1513D0FC0005BB97 /* LoginViewController_iPhone.xib in Resources */ = {isa = PBXBuildFile; fileRef = 4944053B1513D0FC0005BB97 /* LoginViewController_iPhone.xib */; };
		494405401513D0FC0005BB97 /* LoginViewController_iPad.xib in Resources */ = {isa = PBXBuildFile; fileRef = 4944053E1513D0FC0005BB97 /* LoginViewController_iPad.xib */; };
		494405481513D0FC0005BB97 /* SenTestingKit.framework in Frameworks */ = {isa = PBXBuildFile; fileRef = 494405471513D0FC0005BB97 /* SenTestingKit.framework */; };
		494405491513D0FC0005BB97 /* UIKit.framework in Frameworks */ = {isa = PBXBuildFile; fileRef = 494405261513D0FB0005BB97 /* UIKit.framework */; };
		4944054A1513D0FC0005BB97 /* Foundation.framework in Frameworks */ = {isa = PBXBuildFile; fileRef = 494405281513D0FB0005BB97 /* Foundation.framework */; };
		494405521513D0FC0005BB97 /* InfoPlist.strings in Resources */ = {isa = PBXBuildFile; fileRef = 494405501513D0FC0005BB97 /* InfoPlist.strings */; };
		494405551513D0FC0005BB97 /* Campus_ChemistryTests.m in Sources */ = {isa = PBXBuildFile; fileRef = 494405541513D0FC0005BB97 /* Campus_ChemistryTests.m */; };
		4944055F1513D1740005BB97 /* Logo.png in Resources */ = {isa = PBXBuildFile; fileRef = 4944055E1513D1740005BB97 /* Logo.png */; };
		4967D8F4151E4A1600BB674A /* EditInfoViewController.m in Sources */ = {isa = PBXBuildFile; fileRef = 4967D8E0151E4A1600BB674A /* EditInfoViewController.m */; };
		4967D8F5151E4A1600BB674A /* EditInfoViewController.xib in Resources */ = {isa = PBXBuildFile; fileRef = 4967D8E1151E4A1600BB674A /* EditInfoViewController.xib */; };
		4967D8F6151E4A1600BB674A /* EditInterestsViewController.m in Sources */ = {isa = PBXBuildFile; fileRef = 4967D8E3151E4A1600BB674A /* EditInterestsViewController.m */; };
		4967D8F7151E4A1600BB674A /* EditInterestsViewController.xib in Resources */ = {isa = PBXBuildFile; fileRef = 4967D8E4151E4A1600BB674A /* EditInterestsViewController.xib */; };
		4967D8F8151E4A1600BB674A /* EditPhotoViewController.m in Sources */ = {isa = PBXBuildFile; fileRef = 4967D8E6151E4A1600BB674A /* EditPhotoViewController.m */; };
		4967D8F9151E4A1600BB674A /* EditPhotoViewController.xib in Resources */ = {isa = PBXBuildFile; fileRef = 4967D8E7151E4A1600BB674A /* EditPhotoViewController.xib */; };
		4967D8FA151E4A1600BB674A /* ProfileInfoViewController.m in Sources */ = {isa = PBXBuildFile; fileRef = 4967D8E9151E4A1600BB674A /* ProfileInfoViewController.m */; };
		4967D8FB151E4A1600BB674A /* ProfileInfoViewController.xib in Resources */ = {isa = PBXBuildFile; fileRef = 4967D8EA151E4A1600BB674A /* ProfileInfoViewController.xib */; };
		4967D8FC151E4A1600BB674A /* ProfileInterestsViewController.m in Sources */ = {isa = PBXBuildFile; fileRef = 4967D8EC151E4A1600BB674A /* ProfileInterestsViewController.m */; };
		4967D8FD151E4A1600BB674A /* ProfileInterestsViewController.xib in Resources */ = {isa = PBXBuildFile; fileRef = 4967D8ED151E4A1600BB674A /* ProfileInterestsViewController.xib */; };
		4967D8FE151E4A1600BB674A /* ProfilePhotoViewController.m in Sources */ = {isa = PBXBuildFile; fileRef = 4967D8EF151E4A1600BB674A /* ProfilePhotoViewController.m */; };
		4967D8FF151E4A1600BB674A /* ProfilePhotoViewController.xib in Resources */ = {isa = PBXBuildFile; fileRef = 4967D8F0151E4A1600BB674A /* ProfilePhotoViewController.xib */; };
		4967D900151E4A1600BB674A /* ProfileViewController.m in Sources */ = {isa = PBXBuildFile; fileRef = 4967D8F2151E4A1600BB674A /* ProfileViewController.m */; };
		4967D901151E4A1600BB674A /* ProfileViewController.xib in Resources */ = {isa = PBXBuildFile; fileRef = 4967D8F3151E4A1600BB674A /* ProfileViewController.xib */; };
		49A132AA151A96AE002C019D /* CustomCell.m in Sources */ = {isa = PBXBuildFile; fileRef = 49A132A7151A96AD002C019D /* CustomCell.m */; };
		49A132AB151A96AE002C019D /* Person.m in Sources */ = {isa = PBXBuildFile; fileRef = 49A132A9151A96AD002C019D /* Person.m */; };
		49A13304151A9B66002C019D /* SBJsonTokeniser.m in Sources */ = {isa = PBXBuildFile; fileRef = 49A132ED151A9B66002C019D /* SBJsonTokeniser.m */; };
		49A13305151A9B66002C019D /* SBJsonUTF8Stream.m in Sources */ = {isa = PBXBuildFile; fileRef = 49A132EE151A9B66002C019D /* SBJsonUTF8Stream.m */; };
		49A13306151A9B66002C019D /* SBJsonStreamParserAccumulator.m in Sources */ = {isa = PBXBuildFile; fileRef = 49A132EF151A9B66002C019D /* SBJsonStreamParserAccumulator.m */; };
		49A13307151A9B66002C019D /* NSObject+SBJson.m in Sources */ = {isa = PBXBuildFile; fileRef = 49A132F0151A9B66002C019D /* NSObject+SBJson.m */; };
		49A13308151A9B66002C019D /* SBJsonWriter.m in Sources */ = {isa = PBXBuildFile; fileRef = 49A132F4151A9B66002C019D /* SBJsonWriter.m */; };
		49A13309151A9B66002C019D /* SBJsonStreamParser.m in Sources */ = {isa = PBXBuildFile; fileRef = 49A132F5151A9B66002C019D /* SBJsonStreamParser.m */; };
		49A1330A151A9B66002C019D /* SBJsonStreamParserAdapter.m in Sources */ = {isa = PBXBuildFile; fileRef = 49A132F6151A9B66002C019D /* SBJsonStreamParserAdapter.m */; };
		49A1330B151A9B66002C019D /* SBJsonStreamParserState.m in Sources */ = {isa = PBXBuildFile; fileRef = 49A132FB151A9B66002C019D /* SBJsonStreamParserState.m */; };
		49A1330C151A9B66002C019D /* SBJsonStreamWriterState.m in Sources */ = {isa = PBXBuildFile; fileRef = 49A132FF151A9B66002C019D /* SBJsonStreamWriterState.m */; };
		49A1330D151A9B66002C019D /* SBJsonStreamWriter.m in Sources */ = {isa = PBXBuildFile; fileRef = 49A13300151A9B66002C019D /* SBJsonStreamWriter.m */; };
		49A1330E151A9B66002C019D /* SBJsonParser.m in Sources */ = {isa = PBXBuildFile; fileRef = 49A13301151A9B66002C019D /* SBJsonParser.m */; };
		49A1330F151A9B66002C019D /* SBJsonStreamWriterAccumulator.m in Sources */ = {isa = PBXBuildFile; fileRef = 49A13303151A9B66002C019D /* SBJsonStreamWriterAccumulator.m */; };
		49A345F11516619700B358F3 /* RegisterViewController.m in Sources */ = {isa = PBXBuildFile; fileRef = 49A345EF1516619700B358F3 /* RegisterViewController.m */; };
		49A345F21516619700B358F3 /* RegisterViewController.xib in Resources */ = {isa = PBXBuildFile; fileRef = 49A345F01516619700B358F3 /* RegisterViewController.xib */; };
		49A345F6151661A700B358F3 /* LoginViewController.m in Sources */ = {isa = PBXBuildFile; fileRef = 49A345F5151661A700B358F3 /* LoginViewController.m */; };
		49B2B54F151FBD340022A988 /* SearchOptionViewController.xib in Resources */ = {isa = PBXBuildFile; fileRef = 49B2B54E151FBD340022A988 /* SearchOptionViewController.xib */; };
/* End PBXBuildFile section */

/* Begin PBXContainerItemProxy section */
		4944054B1513D0FC0005BB97 /* PBXContainerItemProxy */ = {
			isa = PBXContainerItemProxy;
			containerPortal = 494405191513D0FB0005BB97 /* Project object */;
			proxyType = 1;
			remoteGlobalIDString = 494405211513D0FB0005BB97;
			remoteInfo = "Campus Chemistry";
		};
/* End PBXContainerItemProxy section */

/* Begin PBXFileReference section */
		49344804151E3A2F00D214B1 /* SearchOptionViewController.h */ = {isa = PBXFileReference; fileEncoding = 4; lastKnownFileType = sourcecode.c.h; path = SearchOptionViewController.h; sourceTree = "<group>"; };
		49344805151E3A2F00D214B1 /* SearchOptionViewController.m */ = {isa = PBXFileReference; fileEncoding = 4; lastKnownFileType = sourcecode.c.objc; path = SearchOptionViewController.m; sourceTree = "<group>"; };
		49344806151E3A2F00D214B1 /* SearchViewController.h */ = {isa = PBXFileReference; fileEncoding = 4; lastKnownFileType = sourcecode.c.h; path = SearchViewController.h; sourceTree = "<group>"; };
		49344807151E3A2F00D214B1 /* SearchViewController.m */ = {isa = PBXFileReference; fileEncoding = 4; lastKnownFileType = sourcecode.c.objc; path = SearchViewController.m; sourceTree = "<group>"; };
		49344808151E3A2F00D214B1 /* SearchViewController.xib */ = {isa = PBXFileReference; fileEncoding = 4; lastKnownFileType = file.xib; path = SearchViewController.xib; sourceTree = "<group>"; };
		4934480C151E3A4600D214B1 /* ComposeViewController.h */ = {isa = PBXFileReference; fileEncoding = 4; lastKnownFileType = sourcecode.c.h; path = ComposeViewController.h; sourceTree = "<group>"; };
		4934480D151E3A4600D214B1 /* ComposeViewController.m */ = {isa = PBXFileReference; fileEncoding = 4; lastKnownFileType = sourcecode.c.objc; path = ComposeViewController.m; sourceTree = "<group>"; };
		4934480E151E3A4600D214B1 /* ComposeViewController.xib */ = {isa = PBXFileReference; fileEncoding = 4; lastKnownFileType = file.xib; path = ComposeViewController.xib; sourceTree = "<group>"; };
		4934480F151E3A4600D214B1 /* DetailViewController.h */ = {isa = PBXFileReference; fileEncoding = 4; lastKnownFileType = sourcecode.c.h; path = DetailViewController.h; sourceTree = "<group>"; };
		49344810151E3A4600D214B1 /* DetailViewController.m */ = {isa = PBXFileReference; fileEncoding = 4; lastKnownFileType = sourcecode.c.objc; path = DetailViewController.m; sourceTree = "<group>"; };
		49344811151E3A4600D214B1 /* DetailViewController.xib */ = {isa = PBXFileReference; fileEncoding = 4; lastKnownFileType = file.xib; path = DetailViewController.xib; sourceTree = "<group>"; };
		49344814151E3A4600D214B1 /* InboxViewController.h */ = {isa = PBXFileReference; fileEncoding = 4; lastKnownFileType = sourcecode.c.h; path = InboxViewController.h; sourceTree = "<group>"; };
		49344815151E3A4600D214B1 /* InboxViewController.m */ = {isa = PBXFileReference; fileEncoding = 4; lastKnownFileType = sourcecode.c.objc; path = InboxViewController.m; sourceTree = "<group>"; };
		49344816151E3A4600D214B1 /* MailBoxViewController.h */ = {isa = PBXFileReference; fileEncoding = 4; lastKnownFileType = sourcecode.c.h; path = MailBoxViewController.h; sourceTree = "<group>"; };
		49344817151E3A4600D214B1 /* MailBoxViewController.m */ = {isa = PBXFileReference; fileEncoding = 4; lastKnownFileType = sourcecode.c.objc; path = MailBoxViewController.m; sourceTree = "<group>"; };
		49344818151E3A4600D214B1 /* SentViewContoller.h */ = {isa = PBXFileReference; fileEncoding = 4; lastKnownFileType = sourcecode.c.h; path = SentViewContoller.h; sourceTree = "<group>"; };
		49344819151E3A4600D214B1 /* SentViewContoller.m */ = {isa = PBXFileReference; fileEncoding = 4; lastKnownFileType = sourcecode.c.objc; path = SentViewContoller.m; sourceTree = "<group>"; };
		4934481A151E3A4600D214B1 /* SentViewContoller.xib */ = {isa = PBXFileReference; fileEncoding = 4; lastKnownFileType = file.xib; path = SentViewContoller.xib; sourceTree = "<group>"; };
		494405221513D0FB0005BB97 /* Campus Chemistry.app */ = {isa = PBXFileReference; explicitFileType = wrapper.application; includeInIndex = 0; path = "Campus Chemistry.app"; sourceTree = BUILT_PRODUCTS_DIR; };
		494405261513D0FB0005BB97 /* UIKit.framework */ = {isa = PBXFileReference; lastKnownFileType = wrapper.framework; name = UIKit.framework; path = System/Library/Frameworks/UIKit.framework; sourceTree = SDKROOT; };
		494405281513D0FB0005BB97 /* Foundation.framework */ = {isa = PBXFileReference; lastKnownFileType = wrapper.framework; name = Foundation.framework; path = System/Library/Frameworks/Foundation.framework; sourceTree = SDKROOT; };
		4944052A1513D0FB0005BB97 /* CoreGraphics.framework */ = {isa = PBXFileReference; lastKnownFileType = wrapper.framework; name = CoreGraphics.framework; path = System/Library/Frameworks/CoreGraphics.framework; sourceTree = SDKROOT; };
		4944052E1513D0FB0005BB97 /* Campus Chemistry-Info.plist */ = {isa = PBXFileReference; lastKnownFileType = text.plist.xml; path = "Campus Chemistry-Info.plist"; sourceTree = "<group>"; };
		494405301513D0FB0005BB97 /* en */ = {isa = PBXFileReference; lastKnownFileType = text.plist.strings; name = en; path = en.lproj/InfoPlist.strings; sourceTree = "<group>"; };
		494405321513D0FB0005BB97 /* main.m */ = {isa = PBXFileReference; lastKnownFileType = sourcecode.c.objc; path = main.m; sourceTree = "<group>"; };
		494405341513D0FB0005BB97 /* Campus Chemistry-Prefix.pch */ = {isa = PBXFileReference; lastKnownFileType = sourcecode.c.h; path = "Campus Chemistry-Prefix.pch"; sourceTree = "<group>"; };
		494405351513D0FB0005BB97 /* AppDelegate.h */ = {isa = PBXFileReference; lastKnownFileType = sourcecode.c.h; path = AppDelegate.h; sourceTree = "<group>"; };
		494405361513D0FB0005BB97 /* AppDelegate.m */ = {isa = PBXFileReference; lastKnownFileType = sourcecode.c.objc; path = AppDelegate.m; sourceTree = "<group>"; };
		4944053C1513D0FC0005BB97 /* en */ = {isa = PBXFileReference; lastKnownFileType = file.xib; name = en; path = en.lproj/LoginViewController_iPhone.xib; sourceTree = "<group>"; };
		4944053F1513D0FC0005BB97 /* en */ = {isa = PBXFileReference; lastKnownFileType = file.xib; name = en; path = en.lproj/LoginViewController_iPad.xib; sourceTree = "<group>"; };
		494405461513D0FC0005BB97 /* Campus ChemistryTests.octest */ = {isa = PBXFileReference; explicitFileType = wrapper.cfbundle; includeInIndex = 0; path = "Campus ChemistryTests.octest"; sourceTree = BUILT_PRODUCTS_DIR; };
		494405471513D0FC0005BB97 /* SenTestingKit.framework */ = {isa = PBXFileReference; lastKnownFileType = wrapper.framework; name = SenTestingKit.framework; path = Library/Frameworks/SenTestingKit.framework; sourceTree = DEVELOPER_DIR; };
		4944054F1513D0FC0005BB97 /* Campus ChemistryTests-Info.plist */ = {isa = PBXFileReference; lastKnownFileType = text.plist.xml; path = "Campus ChemistryTests-Info.plist"; sourceTree = "<group>"; };
		494405511513D0FC0005BB97 /* en */ = {isa = PBXFileReference; lastKnownFileType = text.plist.strings; name = en; path = en.lproj/InfoPlist.strings; sourceTree = "<group>"; };
		494405531513D0FC0005BB97 /* Campus_ChemistryTests.h */ = {isa = PBXFileReference; lastKnownFileType = sourcecode.c.h; path = Campus_ChemistryTests.h; sourceTree = "<group>"; };
		494405541513D0FC0005BB97 /* Campus_ChemistryTests.m */ = {isa = PBXFileReference; lastKnownFileType = sourcecode.c.objc; path = Campus_ChemistryTests.m; sourceTree = "<group>"; };
		4944055E1513D1740005BB97 /* Logo.png */ = {isa = PBXFileReference; lastKnownFileType = image.png; path = Logo.png; sourceTree = "<group>"; };
		4967D8DF151E4A1600BB674A /* EditInfoViewController.h */ = {isa = PBXFileReference; fileEncoding = 4; lastKnownFileType = sourcecode.c.h; path = EditInfoViewController.h; sourceTree = "<group>"; };
		4967D8E0151E4A1600BB674A /* EditInfoViewController.m */ = {isa = PBXFileReference; fileEncoding = 4; lastKnownFileType = sourcecode.c.objc; path = EditInfoViewController.m; sourceTree = "<group>"; };
		4967D8E1151E4A1600BB674A /* EditInfoViewController.xib */ = {isa = PBXFileReference; fileEncoding = 4; lastKnownFileType = file.xib; path = EditInfoViewController.xib; sourceTree = "<group>"; };
		4967D8E2151E4A1600BB674A /* EditInterestsViewController.h */ = {isa = PBXFileReference; fileEncoding = 4; lastKnownFileType = sourcecode.c.h; path = EditInterestsViewController.h; sourceTree = "<group>"; };
		4967D8E3151E4A1600BB674A /* EditInterestsViewController.m */ = {isa = PBXFileReference; fileEncoding = 4; lastKnownFileType = sourcecode.c.objc; path = EditInterestsViewController.m; sourceTree = "<group>"; };
		4967D8E4151E4A1600BB674A /* EditInterestsViewController.xib */ = {isa = PBXFileReference; fileEncoding = 4; lastKnownFileType = file.xib; path = EditInterestsViewController.xib; sourceTree = "<group>"; };
		4967D8E5151E4A1600BB674A /* EditPhotoViewController.h */ = {isa = PBXFileReference; fileEncoding = 4; lastKnownFileType = sourcecode.c.h; path = EditPhotoViewController.h; sourceTree = "<group>"; };
		4967D8E6151E4A1600BB674A /* EditPhotoViewController.m */ = {isa = PBXFileReference; fileEncoding = 4; lastKnownFileType = sourcecode.c.objc; path = EditPhotoViewController.m; sourceTree = "<group>"; };
		4967D8E7151E4A1600BB674A /* EditPhotoViewController.xib */ = {isa = PBXFileReference; fileEncoding = 4; lastKnownFileType = file.xib; path = EditPhotoViewController.xib; sourceTree = "<group>"; };
		4967D8E8151E4A1600BB674A /* ProfileInfoViewController.h */ = {isa = PBXFileReference; fileEncoding = 4; lastKnownFileType = sourcecode.c.h; path = ProfileInfoViewController.h; sourceTree = "<group>"; };
		4967D8E9151E4A1600BB674A /* ProfileInfoViewController.m */ = {isa = PBXFileReference; fileEncoding = 4; lastKnownFileType = sourcecode.c.objc; path = ProfileInfoViewController.m; sourceTree = "<group>"; };
		4967D8EA151E4A1600BB674A /* ProfileInfoViewController.xib */ = {isa = PBXFileReference; fileEncoding = 4; lastKnownFileType = file.xib; path = ProfileInfoViewController.xib; sourceTree = "<group>"; };
		4967D8EB151E4A1600BB674A /* ProfileInterestsViewController.h */ = {isa = PBXFileReference; fileEncoding = 4; lastKnownFileType = sourcecode.c.h; path = ProfileInterestsViewController.h; sourceTree = "<group>"; };
		4967D8EC151E4A1600BB674A /* ProfileInterestsViewController.m */ = {isa = PBXFileReference; fileEncoding = 4; lastKnownFileType = sourcecode.c.objc; path = ProfileInterestsViewController.m; sourceTree = "<group>"; };
		4967D8ED151E4A1600BB674A /* ProfileInterestsViewController.xib */ = {isa = PBXFileReference; fileEncoding = 4; lastKnownFileType = file.xib; path = ProfileInterestsViewController.xib; sourceTree = "<group>"; };
		4967D8EE151E4A1600BB674A /* ProfilePhotoViewController.h */ = {isa = PBXFileReference; fileEncoding = 4; lastKnownFileType = sourcecode.c.h; path = ProfilePhotoViewController.h; sourceTree = "<group>"; };
		4967D8EF151E4A1600BB674A /* ProfilePhotoViewController.m */ = {isa = PBXFileReference; fileEncoding = 4; lastKnownFileType = sourcecode.c.objc; path = ProfilePhotoViewController.m; sourceTree = "<group>"; };
		4967D8F0151E4A1600BB674A /* ProfilePhotoViewController.xib */ = {isa = PBXFileReference; fileEncoding = 4; lastKnownFileType = file.xib; path = ProfilePhotoViewController.xib; sourceTree = "<group>"; };
		4967D8F1151E4A1600BB674A /* ProfileViewController.h */ = {isa = PBXFileReference; fileEncoding = 4; lastKnownFileType = sourcecode.c.h; path = ProfileViewController.h; sourceTree = "<group>"; };
		4967D8F2151E4A1600BB674A /* ProfileViewController.m */ = {isa = PBXFileReference; fileEncoding = 4; lastKnownFileType = sourcecode.c.objc; path = ProfileViewController.m; sourceTree = "<group>"; };
		4967D8F3151E4A1600BB674A /* ProfileViewController.xib */ = {isa = PBXFileReference; fileEncoding = 4; lastKnownFileType = file.xib; path = ProfileViewController.xib; sourceTree = "<group>"; };
		49A132A6151A96AD002C019D /* CustomCell.h */ = {isa = PBXFileReference; fileEncoding = 4; lastKnownFileType = sourcecode.c.h; path = CustomCell.h; sourceTree = "<group>"; };
		49A132A7151A96AD002C019D /* CustomCell.m */ = {isa = PBXFileReference; fileEncoding = 4; lastKnownFileType = sourcecode.c.objc; path = CustomCell.m; sourceTree = "<group>"; };
		49A132A8151A96AD002C019D /* Person.h */ = {isa = PBXFileReference; fileEncoding = 4; lastKnownFileType = sourcecode.c.h; path = Person.h; sourceTree = "<group>"; };
		49A132A9151A96AD002C019D /* Person.m */ = {isa = PBXFileReference; fileEncoding = 4; lastKnownFileType = sourcecode.c.objc; path = Person.m; sourceTree = "<group>"; };
		49A132EB151A9B66002C019D /* SBJsonStreamWriter.h */ = {isa = PBXFileReference; fileEncoding = 4; lastKnownFileType = sourcecode.c.h; path = SBJsonStreamWriter.h; sourceTree = "<group>"; };
		49A132EC151A9B66002C019D /* SBJsonStreamWriterState.h */ = {isa = PBXFileReference; fileEncoding = 4; lastKnownFileType = sourcecode.c.h; path = SBJsonStreamWriterState.h; sourceTree = "<group>"; };
		49A132ED151A9B66002C019D /* SBJsonTokeniser.m */ = {isa = PBXFileReference; fileEncoding = 4; lastKnownFileType = sourcecode.c.objc; path = SBJsonTokeniser.m; sourceTree = "<group>"; };
		49A132EE151A9B66002C019D /* SBJsonUTF8Stream.m */ = {isa = PBXFileReference; fileEncoding = 4; lastKnownFileType = sourcecode.c.objc; path = SBJsonUTF8Stream.m; sourceTree = "<group>"; };
		49A132EF151A9B66002C019D /* SBJsonStreamParserAccumulator.m */ = {isa = PBXFileReference; fileEncoding = 4; lastKnownFileType = sourcecode.c.objc; path = SBJsonStreamParserAccumulator.m; sourceTree = "<group>"; };
		49A132F0151A9B66002C019D /* NSObject+SBJson.m */ = {isa = PBXFileReference; fileEncoding = 4; lastKnownFileType = sourcecode.c.objc; path = "NSObject+SBJson.m"; sourceTree = "<group>"; };
		49A132F1151A9B66002C019D /* SBJsonStreamWriterAccumulator.h */ = {isa = PBXFileReference; fileEncoding = 4; lastKnownFileType = sourcecode.c.h; path = SBJsonStreamWriterAccumulator.h; sourceTree = "<group>"; };
		49A132F2151A9B66002C019D /* SBJsonUTF8Stream.h */ = {isa = PBXFileReference; fileEncoding = 4; lastKnownFileType = sourcecode.c.h; path = SBJsonUTF8Stream.h; sourceTree = "<group>"; };
		49A132F3151A9B66002C019D /* SBJsonTokeniser.h */ = {isa = PBXFileReference; fileEncoding = 4; lastKnownFileType = sourcecode.c.h; path = SBJsonTokeniser.h; sourceTree = "<group>"; };
		49A132F4151A9B66002C019D /* SBJsonWriter.m */ = {isa = PBXFileReference; fileEncoding = 4; lastKnownFileType = sourcecode.c.objc; path = SBJsonWriter.m; sourceTree = "<group>"; };
		49A132F5151A9B66002C019D /* SBJsonStreamParser.m */ = {isa = PBXFileReference; fileEncoding = 4; lastKnownFileType = sourcecode.c.objc; path = SBJsonStreamParser.m; sourceTree = "<group>"; };
		49A132F6151A9B66002C019D /* SBJsonStreamParserAdapter.m */ = {isa = PBXFileReference; fileEncoding = 4; lastKnownFileType = sourcecode.c.objc; path = SBJsonStreamParserAdapter.m; sourceTree = "<group>"; };
		49A132F7151A9B66002C019D /* SBJsonStreamParserAdapter.h */ = {isa = PBXFileReference; fileEncoding = 4; lastKnownFileType = sourcecode.c.h; path = SBJsonStreamParserAdapter.h; sourceTree = "<group>"; };
		49A132F8151A9B66002C019D /* SBJsonWriter.h */ = {isa = PBXFileReference; fileEncoding = 4; lastKnownFileType = sourcecode.c.h; path = SBJsonWriter.h; sourceTree = "<group>"; };
		49A132F9151A9B66002C019D /* SBJsonStreamParserState.h */ = {isa = PBXFileReference; fileEncoding = 4; lastKnownFileType = sourcecode.c.h; path = SBJsonStreamParserState.h; sourceTree = "<group>"; };
		49A132FA151A9B66002C019D /* SBJsonStreamParser.h */ = {isa = PBXFileReference; fileEncoding = 4; lastKnownFileType = sourcecode.c.h; path = SBJsonStreamParser.h; sourceTree = "<group>"; };
		49A132FB151A9B66002C019D /* SBJsonStreamParserState.m */ = {isa = PBXFileReference; fileEncoding = 4; lastKnownFileType = sourcecode.c.objc; path = SBJsonStreamParserState.m; sourceTree = "<group>"; };
		49A132FC151A9B66002C019D /* SBJson.h */ = {isa = PBXFileReference; fileEncoding = 4; lastKnownFileType = sourcecode.c.h; path = SBJson.h; sourceTree = "<group>"; };
		49A132FD151A9B66002C019D /* SBJsonParser.h */ = {isa = PBXFileReference; fileEncoding = 4; lastKnownFileType = sourcecode.c.h; path = SBJsonParser.h; sourceTree = "<group>"; };
		49A132FE151A9B66002C019D /* SBJsonStreamParserAccumulator.h */ = {isa = PBXFileReference; fileEncoding = 4; lastKnownFileType = sourcecode.c.h; path = SBJsonStreamParserAccumulator.h; sourceTree = "<group>"; };
		49A132FF151A9B66002C019D /* SBJsonStreamWriterState.m */ = {isa = PBXFileReference; fileEncoding = 4; lastKnownFileType = sourcecode.c.objc; path = SBJsonStreamWriterState.m; sourceTree = "<group>"; };
		49A13300151A9B66002C019D /* SBJsonStreamWriter.m */ = {isa = PBXFileReference; fileEncoding = 4; lastKnownFileType = sourcecode.c.objc; path = SBJsonStreamWriter.m; sourceTree = "<group>"; };
		49A13301151A9B66002C019D /* SBJsonParser.m */ = {isa = PBXFileReference; fileEncoding = 4; lastKnownFileType = sourcecode.c.objc; path = SBJsonParser.m; sourceTree = "<group>"; };
		49A13302151A9B66002C019D /* NSObject+SBJson.h */ = {isa = PBXFileReference; fileEncoding = 4; lastKnownFileType = sourcecode.c.h; path = "NSObject+SBJson.h"; sourceTree = "<group>"; };
		49A13303151A9B66002C019D /* SBJsonStreamWriterAccumulator.m */ = {isa = PBXFileReference; fileEncoding = 4; lastKnownFileType = sourcecode.c.objc; path = SBJsonStreamWriterAccumulator.m; sourceTree = "<group>"; };
		49A345EE1516619700B358F3 /* RegisterViewController.h */ = {isa = PBXFileReference; fileEncoding = 4; lastKnownFileType = sourcecode.c.h; name = RegisterViewController.h; path = "Campus Chemistry/Register/RegisterViewController.h"; sourceTree = "<group>"; };
		49A345EF1516619700B358F3 /* RegisterViewController.m */ = {isa = PBXFileReference; fileEncoding = 4; lastKnownFileType = sourcecode.c.objc; name = RegisterViewController.m; path = "Campus Chemistry/Register/RegisterViewController.m"; sourceTree = "<group>"; };
		49A345F01516619700B358F3 /* RegisterViewController.xib */ = {isa = PBXFileReference; fileEncoding = 4; lastKnownFileType = file.xib; name = RegisterViewController.xib; path = "Campus Chemistry/Register/RegisterViewController.xib"; sourceTree = "<group>"; };
		49A345F4151661A700B358F3 /* LoginViewController.h */ = {isa = PBXFileReference; fileEncoding = 4; lastKnownFileType = sourcecode.c.h; name = LoginViewController.h; path = Login/LoginViewController.h; sourceTree = "<group>"; };
		49A345F5151661A700B358F3 /* LoginViewController.m */ = {isa = PBXFileReference; fileEncoding = 4; lastKnownFileType = sourcecode.c.objc; name = LoginViewController.m; path = Login/LoginViewController.m; sourceTree = "<group>"; };
		49B2B54E151FBD340022A988 /* SearchOptionViewController.xib */ = {isa = PBXFileReference; fileEncoding = 4; lastKnownFileType = file.xib; path = SearchOptionViewController.xib; sourceTree = "<group>"; };
/* End PBXFileReference section */

/* Begin PBXFrameworksBuildPhase section */
		4944051F1513D0FB0005BB97 /* Frameworks */ = {
			isa = PBXFrameworksBuildPhase;
			buildActionMask = 2147483647;
			files = (
				494405271513D0FB0005BB97 /* UIKit.framework in Frameworks */,
				494405291513D0FB0005BB97 /* Foundation.framework in Frameworks */,
				4944052B1513D0FB0005BB97 /* CoreGraphics.framework in Frameworks */,
			);
			runOnlyForDeploymentPostprocessing = 0;
		};
		494405421513D0FC0005BB97 /* Frameworks */ = {
			isa = PBXFrameworksBuildPhase;
			buildActionMask = 2147483647;
			files = (
				494405481513D0FC0005BB97 /* SenTestingKit.framework in Frameworks */,
				494405491513D0FC0005BB97 /* UIKit.framework in Frameworks */,
				4944054A1513D0FC0005BB97 /* Foundation.framework in Frameworks */,
			);
			runOnlyForDeploymentPostprocessing = 0;
		};
/* End PBXFrameworksBuildPhase section */

/* Begin PBXGroup section */
		4918A063151BF11700C47A4D /* Inbox */ = {
			isa = PBXGroup;
			children = (
				4934480C151E3A4600D214B1 /* ComposeViewController.h */,
				4934480D151E3A4600D214B1 /* ComposeViewController.m */,
				4934480E151E3A4600D214B1 /* ComposeViewController.xib */,
				4934480F151E3A4600D214B1 /* DetailViewController.h */,
				49344810151E3A4600D214B1 /* DetailViewController.m */,
				49344811151E3A4600D214B1 /* DetailViewController.xib */,
				49344814151E3A4600D214B1 /* InboxViewController.h */,
				49344815151E3A4600D214B1 /* InboxViewController.m */,
				49344816151E3A4600D214B1 /* MailBoxViewController.h */,
				49344817151E3A4600D214B1 /* MailBoxViewController.m */,
				49344818151E3A4600D214B1 /* SentViewContoller.h */,
				49344819151E3A4600D214B1 /* SentViewContoller.m */,
				4934481A151E3A4600D214B1 /* SentViewContoller.xib */,
			);
			path = Inbox;
			sourceTree = "<group>";
		};
		4918A07D151BF90200C47A4D /* Search */ = {
			isa = PBXGroup;
			children = (
				49344804151E3A2F00D214B1 /* SearchOptionViewController.h */,
				49344805151E3A2F00D214B1 /* SearchOptionViewController.m */,
				49B2B54E151FBD340022A988 /* SearchOptionViewController.xib */,
				49344806151E3A2F00D214B1 /* SearchViewController.h */,
				49344807151E3A2F00D214B1 /* SearchViewController.m */,
				49344808151E3A2F00D214B1 /* SearchViewController.xib */,
			);
			path = Search;
			sourceTree = "<group>";
		};
		494405171513D0FB0005BB97 = {
			isa = PBXGroup;
			children = (
				4944052C1513D0FB0005BB97 /* Campus Chemistry */,
				4944054D1513D0FC0005BB97 /* Campus ChemistryTests */,
				494405251513D0FB0005BB97 /* Frameworks */,
				494405231513D0FB0005BB97 /* Products */,
			);
			sourceTree = "<group>";
		};
		494405231513D0FB0005BB97 /* Products */ = {
			isa = PBXGroup;
			children = (
				494405221513D0FB0005BB97 /* Campus Chemistry.app */,
				494405461513D0FC0005BB97 /* Campus ChemistryTests.octest */,
			);
			name = Products;
			sourceTree = "<group>";
		};
		494405251513D0FB0005BB97 /* Frameworks */ = {
			isa = PBXGroup;
			children = (
				494405261513D0FB0005BB97 /* UIKit.framework */,
				494405281513D0FB0005BB97 /* Foundation.framework */,
				4944052A1513D0FB0005BB97 /* CoreGraphics.framework */,
				494405471513D0FC0005BB97 /* SenTestingKit.framework */,
			);
			name = Frameworks;
			sourceTree = "<group>";
		};
		4944052C1513D0FB0005BB97 /* Campus Chemistry */ = {
			isa = PBXGroup;
			children = (
				494405361513D0FB0005BB97 /* AppDelegate.m */,
				494405351513D0FB0005BB97 /* AppDelegate.h */,
				49A1329F151A9557002C019D /* Classes */,
				49DA1AC7151E9B6500794B0F /* User */,
				4918A063151BF11700C47A4D /* Inbox */,
				4996BE38151ABB5B0051EDEB /* Profile */,
				4918A07D151BF90200C47A4D /* Search */,
				49F2AF5015140EAA00478A94 /* Login */,
				49F2AF5215140F2B00478A94 /* Register */,
				4944052D1513D0FB0005BB97 /* Supporting Files */,
			);
			path = "Campus Chemistry";
			sourceTree = "<group>";
		};
		4944052D1513D0FB0005BB97 /* Supporting Files */ = {
			isa = PBXGroup;
			children = (
				49A132EA151A9B66002C019D /* SBJson */,
				4944055E1513D1740005BB97 /* Logo.png */,
				4944052E1513D0FB0005BB97 /* Campus Chemistry-Info.plist */,
				4944052F1513D0FB0005BB97 /* InfoPlist.strings */,
				494405321513D0FB0005BB97 /* main.m */,
				494405341513D0FB0005BB97 /* Campus Chemistry-Prefix.pch */,
			);
			name = "Supporting Files";
			sourceTree = "<group>";
		};
		4944054D1513D0FC0005BB97 /* Campus ChemistryTests */ = {
			isa = PBXGroup;
			children = (
				494405531513D0FC0005BB97 /* Campus_ChemistryTests.h */,
				494405541513D0FC0005BB97 /* Campus_ChemistryTests.m */,
				4944054E1513D0FC0005BB97 /* Supporting Files */,
			);
			path = "Campus ChemistryTests";
			sourceTree = "<group>";
		};
		4944054E1513D0FC0005BB97 /* Supporting Files */ = {
			isa = PBXGroup;
			children = (
				4944054F1513D0FC0005BB97 /* Campus ChemistryTests-Info.plist */,
				494405501513D0FC0005BB97 /* InfoPlist.strings */,
			);
			name = "Supporting Files";
			sourceTree = "<group>";
		};
		4996BE38151ABB5B0051EDEB /* Profile */ = {
			isa = PBXGroup;
			children = (
				4967D8DF151E4A1600BB674A /* EditInfoViewController.h */,
				4967D8E0151E4A1600BB674A /* EditInfoViewController.m */,
				4967D8E1151E4A1600BB674A /* EditInfoViewController.xib */,
				4967D8E2151E4A1600BB674A /* EditInterestsViewController.h */,
				4967D8E3151E4A1600BB674A /* EditInterestsViewController.m */,
				4967D8E4151E4A1600BB674A /* EditInterestsViewController.xib */,
				4967D8E5151E4A1600BB674A /* EditPhotoViewController.h */,
				4967D8E6151E4A1600BB674A /* EditPhotoViewController.m */,
				4967D8E7151E4A1600BB674A /* EditPhotoViewController.xib */,
				4967D8E8151E4A1600BB674A /* ProfileInfoViewController.h */,
				4967D8E9151E4A1600BB674A /* ProfileInfoViewController.m */,
				4967D8EA151E4A1600BB674A /* ProfileInfoViewController.xib */,
				4967D8EB151E4A1600BB674A /* ProfileInterestsViewController.h */,
				4967D8EC151E4A1600BB674A /* ProfileInterestsViewController.m */,
				4967D8ED151E4A1600BB674A /* ProfileInterestsViewController.xib */,
				4967D8EE151E4A1600BB674A /* ProfilePhotoViewController.h */,
				4967D8EF151E4A1600BB674A /* ProfilePhotoViewController.m */,
				4967D8F0151E4A1600BB674A /* ProfilePhotoViewController.xib */,
				4967D8F1151E4A1600BB674A /* ProfileViewController.h */,
				4967D8F2151E4A1600BB674A /* ProfileViewController.m */,
				4967D8F3151E4A1600BB674A /* ProfileViewController.xib */,
			);
			path = Profile;
			sourceTree = "<group>";
		};
		49A1329F151A9557002C019D /* Classes */ = {
			isa = PBXGroup;
			children = (
				49A132A6151A96AD002C019D /* CustomCell.h */,
				49A132A7151A96AD002C019D /* CustomCell.m */,
				49A132A8151A96AD002C019D /* Person.h */,
				49A132A9151A96AD002C019D /* Person.m */,
			);
			path = Classes;
			sourceTree = "<group>";
		};
		49A132EA151A9B66002C019D /* SBJson */ = {
			isa = PBXGroup;
			children = (
				49A132EB151A9B66002C019D /* SBJsonStreamWriter.h */,
				49A132EC151A9B66002C019D /* SBJsonStreamWriterState.h */,
				49A132ED151A9B66002C019D /* SBJsonTokeniser.m */,
				49A132EE151A9B66002C019D /* SBJsonUTF8Stream.m */,
				49A132EF151A9B66002C019D /* SBJsonStreamParserAccumulator.m */,
				49A132F0151A9B66002C019D /* NSObject+SBJson.m */,
				49A132F1151A9B66002C019D /* SBJsonStreamWriterAccumulator.h */,
				49A132F2151A9B66002C019D /* SBJsonUTF8Stream.h */,
				49A132F3151A9B66002C019D /* SBJsonTokeniser.h */,
				49A132F4151A9B66002C019D /* SBJsonWriter.m */,
				49A132F5151A9B66002C019D /* SBJsonStreamParser.m */,
				49A132F6151A9B66002C019D /* SBJsonStreamParserAdapter.m */,
				49A132F7151A9B66002C019D /* SBJsonStreamParserAdapter.h */,
				49A132F8151A9B66002C019D /* SBJsonWriter.h */,
				49A132F9151A9B66002C019D /* SBJsonStreamParserState.h */,
				49A132FA151A9B66002C019D /* SBJsonStreamParser.h */,
				49A132FB151A9B66002C019D /* SBJsonStreamParserState.m */,
				49A132FC151A9B66002C019D /* SBJson.h */,
				49A132FD151A9B66002C019D /* SBJsonParser.h */,
				49A132FE151A9B66002C019D /* SBJsonStreamParserAccumulator.h */,
				49A132FF151A9B66002C019D /* SBJsonStreamWriterState.m */,
				49A13300151A9B66002C019D /* SBJsonStreamWriter.m */,
				49A13301151A9B66002C019D /* SBJsonParser.m */,
				49A13302151A9B66002C019D /* NSObject+SBJson.h */,
				49A13303151A9B66002C019D /* SBJsonStreamWriterAccumulator.m */,
			);
			path = SBJson;
			sourceTree = "<group>";
		};
		49DA1AC7151E9B6500794B0F /* User */ = {
			isa = PBXGroup;
			children = (
			);
			name = User;
			path = Inbox;
			sourceTree = "<group>";
		};
		49F2AF5015140EAA00478A94 /* Login */ = {
			isa = PBXGroup;
			children = (
				49A345F4151661A700B358F3 /* LoginViewController.h */,
				49A345F5151661A700B358F3 /* LoginViewController.m */,
				4944053E1513D0FC0005BB97 /* LoginViewController_iPad.xib */,
				4944053B1513D0FC0005BB97 /* LoginViewController_iPhone.xib */,
			);
			name = Login;
			sourceTree = "<group>";
		};
		49F2AF5215140F2B00478A94 /* Register */ = {
			isa = PBXGroup;
			children = (
				49A345EE1516619700B358F3 /* RegisterViewController.h */,
				49A345EF1516619700B358F3 /* RegisterViewController.m */,
				49A345F01516619700B358F3 /* RegisterViewController.xib */,
			);
			name = Register;
			path = ..;
			sourceTree = "<group>";
		};
/* End PBXGroup section */

/* Begin PBXNativeTarget section */
		494405211513D0FB0005BB97 /* Campus Chemistry */ = {
			isa = PBXNativeTarget;
			buildConfigurationList = 494405581513D0FC0005BB97 /* Build configuration list for PBXNativeTarget "Campus Chemistry" */;
			buildPhases = (
				4944051E1513D0FB0005BB97 /* Sources */,
				4944051F1513D0FB0005BB97 /* Frameworks */,
				494405201513D0FB0005BB97 /* Resources */,
			);
			buildRules = (
			);
			dependencies = (
			);
			name = "Campus Chemistry";
			productName = "Campus Chemistry";
			productReference = 494405221513D0FB0005BB97 /* Campus Chemistry.app */;
			productType = "com.apple.product-type.application";
		};
		494405451513D0FC0005BB97 /* Campus ChemistryTests */ = {
			isa = PBXNativeTarget;
			buildConfigurationList = 4944055B1513D0FC0005BB97 /* Build configuration list for PBXNativeTarget "Campus ChemistryTests" */;
			buildPhases = (
				494405411513D0FC0005BB97 /* Sources */,
				494405421513D0FC0005BB97 /* Frameworks */,
				494405431513D0FC0005BB97 /* Resources */,
				494405441513D0FC0005BB97 /* ShellScript */,
			);
			buildRules = (
			);
			dependencies = (
				4944054C1513D0FC0005BB97 /* PBXTargetDependency */,
			);
			name = "Campus ChemistryTests";
			productName = "Campus ChemistryTests";
			productReference = 494405461513D0FC0005BB97 /* Campus ChemistryTests.octest */;
			productType = "com.apple.product-type.bundle";
		};
/* End PBXNativeTarget section */

/* Begin PBXProject section */
		494405191513D0FB0005BB97 /* Project object */ = {
			isa = PBXProject;
			attributes = {
				LastUpgradeCheck = 0420;
			};
			buildConfigurationList = 4944051C1513D0FB0005BB97 /* Build configuration list for PBXProject "Campus Chemistry" */;
			compatibilityVersion = "Xcode 3.2";
			developmentRegion = English;
			hasScannedForEncodings = 0;
			knownRegions = (
				en,
			);
			mainGroup = 494405171513D0FB0005BB97;
			productRefGroup = 494405231513D0FB0005BB97 /* Products */;
			projectDirPath = "";
			projectRoot = "";
			targets = (
				494405211513D0FB0005BB97 /* Campus Chemistry */,
				494405451513D0FC0005BB97 /* Campus ChemistryTests */,
			);
		};
/* End PBXProject section */

/* Begin PBXResourcesBuildPhase section */
		494405201513D0FB0005BB97 /* Resources */ = {
			isa = PBXResourcesBuildPhase;
			buildActionMask = 2147483647;
			files = (
				494405311513D0FB0005BB97 /* InfoPlist.strings in Resources */,
				4944053D1513D0FC0005BB97 /* LoginViewController_iPhone.xib in Resources */,
				494405401513D0FC0005BB97 /* LoginViewController_iPad.xib in Resources */,
				4944055F1513D1740005BB97 /* Logo.png in Resources */,
				49A345F21516619700B358F3 /* RegisterViewController.xib in Resources */,
				4934480B151E3A2F00D214B1 /* SearchViewController.xib in Resources */,
				4934481C151E3A4600D214B1 /* ComposeViewController.xib in Resources */,
				4934481E151E3A4600D214B1 /* DetailViewController.xib in Resources */,
				49344823151E3A4600D214B1 /* SentViewContoller.xib in Resources */,
				4967D8F5151E4A1600BB674A /* EditInfoViewController.xib in Resources */,
				4967D8F7151E4A1600BB674A /* EditInterestsViewController.xib in Resources */,
				4967D8F9151E4A1600BB674A /* EditPhotoViewController.xib in Resources */,
				4967D8FB151E4A1600BB674A /* ProfileInfoViewController.xib in Resources */,
				4967D8FD151E4A1600BB674A /* ProfileInterestsViewController.xib in Resources */,
				4967D8FF151E4A1600BB674A /* ProfilePhotoViewController.xib in Resources */,
				4967D901151E4A1600BB674A /* ProfileViewController.xib in Resources */,
				49B2B54F151FBD340022A988 /* SearchOptionViewController.xib in Resources */,
			);
			runOnlyForDeploymentPostprocessing = 0;
		};
		494405431513D0FC0005BB97 /* Resources */ = {
			isa = PBXResourcesBuildPhase;
			buildActionMask = 2147483647;
			files = (
				494405521513D0FC0005BB97 /* InfoPlist.strings in Resources */,
			);
			runOnlyForDeploymentPostprocessing = 0;
		};
/* End PBXResourcesBuildPhase section */

/* Begin PBXShellScriptBuildPhase section */
		494405441513D0FC0005BB97 /* ShellScript */ = {
			isa = PBXShellScriptBuildPhase;
			buildActionMask = 2147483647;
			files = (
			);
			inputPaths = (
			);
			outputPaths = (
			);
			runOnlyForDeploymentPostprocessing = 0;
			shellPath = /bin/sh;
			shellScript = "# Run the unit tests in this test bundle.\n\"${SYSTEM_DEVELOPER_DIR}/Tools/RunUnitTests\"\n";
		};
/* End PBXShellScriptBuildPhase section */

/* Begin PBXSourcesBuildPhase section */
		4944051E1513D0FB0005BB97 /* Sources */ = {
			isa = PBXSourcesBuildPhase;
			buildActionMask = 2147483647;
			files = (
				494405331513D0FB0005BB97 /* main.m in Sources */,
				494405371513D0FB0005BB97 /* AppDelegate.m in Sources */,
				49A345F11516619700B358F3 /* RegisterViewController.m in Sources */,
				49A345F6151661A700B358F3 /* LoginViewController.m in Sources */,
				49A132AA151A96AE002C019D /* CustomCell.m in Sources */,
				49A132AB151A96AE002C019D /* Person.m in Sources */,
				49A13304151A9B66002C019D /* SBJsonTokeniser.m in Sources */,
				49A13305151A9B66002C019D /* SBJsonUTF8Stream.m in Sources */,
				49A13306151A9B66002C019D /* SBJsonStreamParserAccumulator.m in Sources */,
				49A13307151A9B66002C019D /* NSObject+SBJson.m in Sources */,
				49A13308151A9B66002C019D /* SBJsonWriter.m in Sources */,
				49A13309151A9B66002C019D /* SBJsonStreamParser.m in Sources */,
				49A1330A151A9B66002C019D /* SBJsonStreamParserAdapter.m in Sources */,
				49A1330B151A9B66002C019D /* SBJsonStreamParserState.m in Sources */,
				49A1330C151A9B66002C019D /* SBJsonStreamWriterState.m in Sources */,
				49A1330D151A9B66002C019D /* SBJsonStreamWriter.m in Sources */,
				49A1330E151A9B66002C019D /* SBJsonParser.m in Sources */,
				49A1330F151A9B66002C019D /* SBJsonStreamWriterAccumulator.m in Sources */,
				49344809151E3A2F00D214B1 /* SearchOptionViewController.m in Sources */,
				4934480A151E3A2F00D214B1 /* SearchViewController.m in Sources */,
				4934481B151E3A4600D214B1 /* ComposeViewController.m in Sources */,
				4934481D151E3A4600D214B1 /* DetailViewController.m in Sources */,
				49344820151E3A4600D214B1 /* InboxViewController.m in Sources */,
				49344821151E3A4600D214B1 /* MailBoxViewController.m in Sources */,
				49344822151E3A4600D214B1 /* SentViewContoller.m in Sources */,
				4967D8F4151E4A1600BB674A /* EditInfoViewController.m in Sources */,
				4967D8F6151E4A1600BB674A /* EditInterestsViewController.m in Sources */,
				4967D8F8151E4A1600BB674A /* EditPhotoViewController.m in Sources */,
				4967D8FA151E4A1600BB674A /* ProfileInfoViewController.m in Sources */,
				4967D8FC151E4A1600BB674A /* ProfileInterestsViewController.m in Sources */,
				4967D8FE151E4A1600BB674A /* ProfilePhotoViewController.m in Sources */,
				4967D900151E4A1600BB674A /* ProfileViewController.m in Sources */,
			);
			runOnlyForDeploymentPostprocessing = 0;
		};
		494405411513D0FC0005BB97 /* Sources */ = {
			isa = PBXSourcesBuildPhase;
			buildActionMask = 2147483647;
			files = (
				494405551513D0FC0005BB97 /* Campus_ChemistryTests.m in Sources */,
			);
			runOnlyForDeploymentPostprocessing = 0;
		};
/* End PBXSourcesBuildPhase section */

/* Begin PBXTargetDependency section */
		4944054C1513D0FC0005BB97 /* PBXTargetDependency */ = {
			isa = PBXTargetDependency;
			target = 494405211513D0FB0005BB97 /* Campus Chemistry */;
			targetProxy = 4944054B1513D0FC0005BB97 /* PBXContainerItemProxy */;
		};
/* End PBXTargetDependency section */

/* Begin PBXVariantGroup section */
		4944052F1513D0FB0005BB97 /* InfoPlist.strings */ = {
			isa = PBXVariantGroup;
			children = (
				494405301513D0FB0005BB97 /* en */,
			);
			name = InfoPlist.strings;
			sourceTree = "<group>";
		};
		4944053B1513D0FC0005BB97 /* LoginViewController_iPhone.xib */ = {
			isa = PBXVariantGroup;
			children = (
				4944053C1513D0FC0005BB97 /* en */,
			);
			name = LoginViewController_iPhone.xib;
			sourceTree = "<group>";
		};
		4944053E1513D0FC0005BB97 /* LoginViewController_iPad.xib */ = {
			isa = PBXVariantGroup;
			children = (
				4944053F1513D0FC0005BB97 /* en */,
			);
			name = LoginViewController_iPad.xib;
			sourceTree = "<group>";
		};
		494405501513D0FC0005BB97 /* InfoPlist.strings */ = {
			isa = PBXVariantGroup;
			children = (
				494405511513D0FC0005BB97 /* en */,
			);
			name = InfoPlist.strings;
			sourceTree = "<group>";
		};
/* End PBXVariantGroup section */

/* Begin XCBuildConfiguration section */
		494405561513D0FC0005BB97 /* Debug */ = {
			isa = XCBuildConfiguration;
			buildSettings = {
				ALWAYS_SEARCH_USER_PATHS = NO;
				ARCHS = "$(ARCHS_STANDARD_32_BIT)";
				CLANG_ENABLE_OBJC_ARC = YES;
				CLANG_WARN_OBJCPP_ARC_ABI = YES;
				"CODE_SIGN_IDENTITY[sdk=iphoneos*]" = "iPhone Developer";
				COPY_PHASE_STRIP = NO;
				GCC_C_LANGUAGE_STANDARD = gnu99;
				GCC_DYNAMIC_NO_PIC = NO;
				GCC_OPTIMIZATION_LEVEL = 0;
				GCC_PREPROCESSOR_DEFINITIONS = (
					"DEBUG=1",
					"$(inherited)",
				);
				GCC_SYMBOLS_PRIVATE_EXTERN = NO;
				GCC_VERSION = com.apple.compilers.llvm.clang.1_0;
				GCC_WARN_ABOUT_MISSING_PROTOTYPES = YES;
				GCC_WARN_ABOUT_RETURN_TYPE = YES;
				GCC_WARN_UNUSED_VARIABLE = YES;
				IPHONEOS_DEPLOYMENT_TARGET = 4.3;
				SDKROOT = iphoneos;
				TARGETED_DEVICE_FAMILY = "1,2";
			};
			name = Debug;
		};
		494405571513D0FC0005BB97 /* Release */ = {
			isa = XCBuildConfiguration;
			buildSettings = {
				ALWAYS_SEARCH_USER_PATHS = NO;
				ARCHS = "$(ARCHS_STANDARD_32_BIT)";
				CLANG_ENABLE_OBJC_ARC = YES;
				CLANG_WARN_OBJCPP_ARC_ABI = YES;
				"CODE_SIGN_IDENTITY[sdk=iphoneos*]" = "iPhone Developer";
				COPY_PHASE_STRIP = YES;
				GCC_C_LANGUAGE_STANDARD = gnu99;
				GCC_VERSION = com.apple.compilers.llvm.clang.1_0;
				GCC_WARN_ABOUT_MISSING_PROTOTYPES = YES;
				GCC_WARN_ABOUT_RETURN_TYPE = YES;
				GCC_WARN_UNUSED_VARIABLE = YES;
				IPHONEOS_DEPLOYMENT_TARGET = 4.3;
				OTHER_CFLAGS = "-DNS_BLOCK_ASSERTIONS=1";
				SDKROOT = iphoneos;
				TARGETED_DEVICE_FAMILY = "1,2";
				VALIDATE_PRODUCT = YES;
			};
			name = Release;
		};
		494405591513D0FC0005BB97 /* Debug */ = {
			isa = XCBuildConfiguration;
			buildSettings = {
				GCC_PRECOMPILE_PREFIX_HEADER = YES;
				GCC_PREFIX_HEADER = "Campus Chemistry/Campus Chemistry-Prefix.pch";
				GCC_VERSION = com.apple.compilers.llvm.clang.1_0;
				INFOPLIST_FILE = "Campus Chemistry/Campus Chemistry-Info.plist";
				IPHONEOS_DEPLOYMENT_TARGET = 4.3;
				PRODUCT_NAME = "$(TARGET_NAME)";
				WRAPPER_EXTENSION = app;
			};
			name = Debug;
		};
		4944055A1513D0FC0005BB97 /* Release */ = {
			isa = XCBuildConfiguration;
			buildSettings = {
				GCC_PRECOMPILE_PREFIX_HEADER = YES;
				GCC_PREFIX_HEADER = "Campus Chemistry/Campus Chemistry-Prefix.pch";
				GCC_VERSION = com.apple.compilers.llvm.clang.1_0;
				INFOPLIST_FILE = "Campus Chemistry/Campus Chemistry-Info.plist";
				IPHONEOS_DEPLOYMENT_TARGET = 4.3;
				PRODUCT_NAME = "$(TARGET_NAME)";
				WRAPPER_EXTENSION = app;
			};
			name = Release;
		};
		4944055C1513D0FC0005BB97 /* Debug */ = {
			isa = XCBuildConfiguration;
			buildSettings = {
				BUNDLE_LOADER = "$(BUILT_PRODUCTS_DIR)/Campus Chemistry.app/Campus Chemistry";
				FRAMEWORK_SEARCH_PATHS = (
					"$(SDKROOT)/Developer/Library/Frameworks",
					"$(DEVELOPER_LIBRARY_DIR)/Frameworks",
				);
				GCC_PRECOMPILE_PREFIX_HEADER = YES;
				GCC_PREFIX_HEADER = "Campus Chemistry/Campus Chemistry-Prefix.pch";
				INFOPLIST_FILE = "Campus ChemistryTests/Campus ChemistryTests-Info.plist";
				PRODUCT_NAME = "$(TARGET_NAME)";
				TEST_HOST = "$(BUNDLE_LOADER)";
				WRAPPER_EXTENSION = octest;
			};
			name = Debug;
		};
		4944055D1513D0FC0005BB97 /* Release */ = {
			isa = XCBuildConfiguration;
			buildSettings = {
				BUNDLE_LOADER = "$(BUILT_PRODUCTS_DIR)/Campus Chemistry.app/Campus Chemistry";
				FRAMEWORK_SEARCH_PATHS = (
					"$(SDKROOT)/Developer/Library/Frameworks",
					"$(DEVELOPER_LIBRARY_DIR)/Frameworks",
				);
				GCC_PRECOMPILE_PREFIX_HEADER = YES;
				GCC_PREFIX_HEADER = "Campus Chemistry/Campus Chemistry-Prefix.pch";
				INFOPLIST_FILE = "Campus ChemistryTests/Campus ChemistryTests-Info.plist";
				PRODUCT_NAME = "$(TARGET_NAME)";
				TEST_HOST = "$(BUNDLE_LOADER)";
				WRAPPER_EXTENSION = octest;
			};
			name = Release;
		};
/* End XCBuildConfiguration section */

/* Begin XCConfigurationList section */
		4944051C1513D0FB0005BB97 /* Build configuration list for PBXProject "Campus Chemistry" */ = {
			isa = XCConfigurationList;
			buildConfigurations = (
				494405561513D0FC0005BB97 /* Debug */,
				494405571513D0FC0005BB97 /* Release */,
			);
			defaultConfigurationIsVisible = 0;
			defaultConfigurationName = Release;
		};
		494405581513D0FC0005BB97 /* Build configuration list for PBXNativeTarget "Campus Chemistry" */ = {
			isa = XCConfigurationList;
			buildConfigurations = (
				494405591513D0FC0005BB97 /* Debug */,
				4944055A1513D0FC0005BB97 /* Release */,
			);
			defaultConfigurationIsVisible = 0;
			defaultConfigurationName = Release;
		};
		4944055B1513D0FC0005BB97 /* Build configuration list for PBXNativeTarget "Campus ChemistryTests" */ = {
			isa = XCConfigurationList;
			buildConfigurations = (
				4944055C1513D0FC0005BB97 /* Debug */,
				4944055D1513D0FC0005BB97 /* Release */,
			);
			defaultConfigurationIsVisible = 0;
			defaultConfigurationName = Release;
		};
/* End XCConfigurationList section */
	};
	rootObject = 494405191513D0FB0005BB97 /* Project object */;
}
